
Microsoft Visual Studio Solution File, Format Version 12.00
# Visual Studio Version 17
VisualStudioVersion = 17.6.33815.320
MinimumVisualStudioVersion = 10.0.40219.1
Project("{FAE04EC0-301F-11D3-BF4B-00C04F79EFBC}") = "MpeSes3", "MpeSes3\MpeSes3.csproj", "{21B0B292-8DC5-49FD-A234-C6A919307CE7}"
EndProject
Global
	GlobalSection(SolutionConfigurationPlatforms) = preSolution
		Debug|Any CPU = Debug|Any CPU
		Release|Any CPU = Release|Any CPU
	EndGlobalSection
	GlobalSection(ProjectConfigurationPlatforms) = postSolution
		{21B0B292-8DC5-49FD-A234-C6A919307CE7}.Debug|Any CPU.ActiveCfg = Debug|Any CPU
		{21B0B292-8DC5-49FD-A234-C6A919307CE7}.Debug|Any CPU.Build.0 = Debug|Any CPU
		{21B0B292-8DC5-49FD-A234-C6A919307CE7}.Release|Any CPU.ActiveCfg = Release|Any CPU
		{21B0B292-8DC5-49FD-A234-C6A919307CE7}.Release|Any CPU.Build.0 = Release|Any CPU
	EndGlobalSection
	GlobalSection(SolutionProperties) = preSolution
		HideSolutionNode = FALSE
	EndGlobalSection
	GlobalSection(ExtensibilityGlobals) = postSolution
		SolutionGuid = {5B072043-F196-4673-9687-16EBF9C26D26}
	EndGlobalSection
EndGlobal
